
Microsoft Visual Studio Solution File, Format Version 12.00
# Visual Studio Version 16
VisualStudioVersion = 16.0.30011.22
MinimumVisualStudioVersion = 10.0.40219.1
Project("{FAE04EC0-301F-11D3-BF4B-00C04F79EFBC}") = "UI", "OMS_AM\UI.csproj", "{558AC5A1-7652-44AB-8775-612ED3758B83}"
EndProject
Project("{FAE04EC0-301F-11D3-BF4B-00C04F79EFBC}") = "Domain", "Domain\Domain.csproj", "{B0FE769B-5357-4072-BE59-EC9C48273ABC}"
EndProject
Project("{FAE04EC0-301F-11D3-BF4B-00C04F79EFBC}") = "Controllers", "Controllers\Controllers.csproj", "{C12FC1F2-E346-4A82-9404-DB8A1CA8CE50}"
EndProject
Project("{FAE04EC0-301F-11D3-BF4B-00C04F79EFBC}") = "DataAccess", "Repositories\DataAccess.csproj", "{02334C13-3EAB-484F-A592-9074ED135DE1}"
EndProject
Project("{FAE04EC0-301F-11D3-BF4B-00C04F79EFBC}") = "OMS_UnitTesting", "OMS_UnitTesting\OMS_UnitTesting.csproj", "{2946EEA0-9626-4F60-AB7A-B0E7126E480C}"
EndProject
Global
	GlobalSection(SolutionConfigurationPlatforms) = preSolution
		Debug|Any CPU = Debug|Any CPU
		Release|Any CPU = Release|Any CPU
	EndGlobalSection
	GlobalSection(ProjectConfigurationPlatforms) = postSolution
		{558AC5A1-7652-44AB-8775-612ED3758B83}.Debug|Any CPU.ActiveCfg = Debug|Any CPU
		{558AC5A1-7652-44AB-8775-612ED3758B83}.Debug|Any CPU.Build.0 = Debug|Any CPU
		{558AC5A1-7652-44AB-8775-612ED3758B83}.Release|Any CPU.ActiveCfg = Release|Any CPU
		{558AC5A1-7652-44AB-8775-612ED3758B83}.Release|Any CPU.Build.0 = Release|Any CPU
		{B0FE769B-5357-4072-BE59-EC9C48273ABC}.Debug|Any CPU.ActiveCfg = Debug|Any CPU
		{B0FE769B-5357-4072-BE59-EC9C48273ABC}.Debug|Any CPU.Build.0 = Debug|Any CPU
		{B0FE769B-5357-4072-BE59-EC9C48273ABC}.Release|Any CPU.ActiveCfg = Release|Any CPU
		{B0FE769B-5357-4072-BE59-EC9C48273ABC}.Release|Any CPU.Build.0 = Release|Any CPU
		{C12FC1F2-E346-4A82-9404-DB8A1CA8CE50}.Debug|Any CPU.ActiveCfg = Debug|Any CPU
		{C12FC1F2-E346-4A82-9404-DB8A1CA8CE50}.Debug|Any CPU.Build.0 = Debug|Any CPU
		{C12FC1F2-E346-4A82-9404-DB8A1CA8CE50}.Release|Any CPU.ActiveCfg = Release|Any CPU
		{C12FC1F2-E346-4A82-9404-DB8A1CA8CE50}.Release|Any CPU.Build.0 = Release|Any CPU
		{02334C13-3EAB-484F-A592-9074ED135DE1}.Debug|Any CPU.ActiveCfg = Debug|Any CPU
		{02334C13-3EAB-484F-A592-9074ED135DE1}.Debug|Any CPU.Build.0 = Debug|Any CPU
		{02334C13-3EAB-484F-A592-9074ED135DE1}.Release|Any CPU.ActiveCfg = Release|Any CPU
		{02334C13-3EAB-484F-A592-9074ED135DE1}.Release|Any CPU.Build.0 = Release|Any CPU
		{2946EEA0-9626-4F60-AB7A-B0E7126E480C}.Debug|Any CPU.ActiveCfg = Debug|Any CPU
		{2946EEA0-9626-4F60-AB7A-B0E7126E480C}.Debug|Any CPU.Build.0 = Debug|Any CPU
		{2946EEA0-9626-4F60-AB7A-B0E7126E480C}.Release|Any CPU.ActiveCfg = Release|Any CPU
		{2946EEA0-9626-4F60-AB7A-B0E7126E480C}.Release|Any CPU.Build.0 = Release|Any CPU
	EndGlobalSection
	GlobalSection(SolutionProperties) = preSolution
		HideSolutionNode = FALSE
	EndGlobalSection
	GlobalSection(ExtensibilityGlobals) = postSolution
		SolutionGuid = {B6893FF6-E93D-4BBE-8AE9-3E7223FEA45D}
	EndGlobalSection
EndGlobal
